{
  "name": "platform-node",
  "version": "1.0.0",
  "lockfileVersion": 3,
  "requires": true,
  "packages": {
    "": {
      "name": "platform-node",
      "version": "1.0.0",
      "license": "ISC",
      "dependencies": {
        "@kievsan/ajs-platforms": "^1.0.0"
      }
    },
    "node_modules/@kievsan/ajs-platforms": {
      "version": "1.0.0",
      "resolved": "https://npm.pkg.github.com/download/@kievsan/ajs-platforms/1.0.0/ca8a05e4cc59ed5f7b77e97b811327a6606ee50f",
      "integrity": "sha512-fkKpb/kJN8L8DqIXNjFjPXxvdj3vnrtQ4/qmdD2Cj+/Ksavlm6a3Ye810+fslO60evgFavtG7yyhSErJLtj7OA==",
      "license": "ISC"
    }
  }
}
