{
  "name": "platform-node",
  "version": "1.0.0",
  "lockfileVersion": 3,
  "requires": true,
  "packages": {
    "": {
      "name": "platform-node",
      "version": "1.0.0",
      "license": "ISC",
      "dependencies": {
        "@kievsan/ajs-platforms": "^1.0.0"
      }
    },
    "node_modules/@kievsan/ajs-platforms": {
      "version": "1.0.0",
      "resolved": "https://npm.pkg.github.com/download/@kievsan/ajs-platforms/1.0.0/27c7cae640b7d46df93d9aa9a78d18ff59cecff2",
      "integrity": "sha512-eom5ZCoYDap8l7iW3bJZaof0lFdhhOz58t8BZSwrCoe3FYkRpyLEeaeL6cDjEUNgnS0VzDmQcEtC/BhFnXmp1g==",
      "license": "ISC"
    }
  }
}
